
Microsoft Visual Studio Solution File, Format Version 12.00
# Visual Studio Version 17
VisualStudioVersion = 17.14.36518.9
MinimumVisualStudioVersion = 10.0.40219.1
Project("{FAE04EC0-301F-11D3-BF4B-00C04F79EFBC}") = "GPScoreTracker.WinUi", "GPScoreTracker\GPScoreTracker.WinUi.csproj", "{628302B4-7824-4A64-BF81-9161CB6B29C3}"
EndProject
Project("{2150E333-8FDC-42A3-9474-1A3956D46DE8}") = "src", "src", "{DDB4EF12-CC4E-5E88-E6FC-71A802F4DE97}"
EndProject
Project("{2150E333-8FDC-42A3-9474-1A3956D46DE8}") = "tests", "tests", "{675528B2-F6D2-4A9A-9E1A-B516B4080BA8}"
EndProject
Project("{2150E333-8FDC-42A3-9474-1A3956D46DE8}") = "sample", "sample", "{28605351-3754-4593-BD4F-3BC3DE20BFE9}"
EndProject
Project("{2150E333-8FDC-42A3-9474-1A3956D46DE8}") = "docs", "docs", "{5957185B-C9A6-4B84-88DD-A3C8EF99CBD8}"
	ProjectSection(SolutionItems) = preProject
		docs\ARCHITECTURE.md = docs\ARCHITECTURE.md
	EndProjectSection
EndProject
Project("{2150E333-8FDC-42A3-9474-1A3956D46DE8}") = "tests", "tests", "{6C6CBCF6-5684-4657-A965-1775F435A7DB}"
EndProject
Project("{FAE04EC0-301F-11D3-BF4B-00C04F79EFBC}") = "Sample.Domain.Tests", "Sample.Domain.Tests\Sample.Domain.Tests.csproj", "{1FA7DBC6-4565-48DD-AAC5-A88D9034D2D3}"
EndProject
Project("{FAE04EC0-301F-11D3-BF4B-00C04F79EFBC}") = "Sample.Domain", "Sample.Domain\Sample.Domain.csproj", "{DDC411D8-CE21-4A9E-BE21-B4DA3CAA749E}"
EndProject
Project("{FAE04EC0-301F-11D3-BF4B-00C04F79EFBC}") = "GPScoreTracker.Application", "GPScoreTracker.Application\GPScoreTracker.Application.csproj", "{A6146BF3-CDD7-4FA8-A4A4-E2D9FA1B7DE5}"
EndProject
Project("{FAE04EC0-301F-11D3-BF4B-00C04F79EFBC}") = "GPScoreTracker.Domain", "GPScoreTracker.Domain\GPScoreTracker.Domain.csproj", "{B5186732-6A6F-4624-875A-337966EEB12F}"
EndProject
Project("{FAE04EC0-301F-11D3-BF4B-00C04F79EFBC}") = "GPScoreTracker.Infrastructure", "GPScoreTracker.Infrastructure\GPScoreTracker.Infrastructure.csproj", "{BADB21FC-3B6F-4A23-B59A-351CA9675454}"
EndProject
Project("{FAE04EC0-301F-11D3-BF4B-00C04F79EFBC}") = "GPScoreTracker.Application.Tests", "GPScoreTracker.Application.Tests\GPScoreTracker.Application.Tests.csproj", "{3B563498-E59E-4552-A86A-F4ECE01B6E58}"
EndProject
Project("{FAE04EC0-301F-11D3-BF4B-00C04F79EFBC}") = "GPScoreTracker.Domain.Tests", "GPScoreTracker.Domain.Tests\GPScoreTracker.Domain.Tests.csproj", "{4CA70AF2-F132-44A9-86ED-EA6D56BCC32B}"
EndProject
Project("{FAE04EC0-301F-11D3-BF4B-00C04F79EFBC}") = "GPScoreTracker.Infrastructure.Tests", "GPScoreTracker.Infrastructure.Tests\GPScoreTracker.Infrastructure.Tests.csproj", "{B83BE97C-7A9A-4B10-BFBD-F3A053CBD6ED}"
EndProject
Global
	GlobalSection(SolutionConfigurationPlatforms) = preSolution
		Debug|ARM64 = Debug|ARM64
		Debug|x64 = Debug|x64
		Debug|x86 = Debug|x86
		Release|ARM64 = Release|ARM64
		Release|x64 = Release|x64
		Release|x86 = Release|x86
	EndGlobalSection
	GlobalSection(ProjectConfigurationPlatforms) = postSolution
		{628302B4-7824-4A64-BF81-9161CB6B29C3}.Debug|ARM64.ActiveCfg = Debug|ARM64
		{628302B4-7824-4A64-BF81-9161CB6B29C3}.Debug|ARM64.Build.0 = Debug|ARM64
		{628302B4-7824-4A64-BF81-9161CB6B29C3}.Debug|ARM64.Deploy.0 = Debug|ARM64
		{628302B4-7824-4A64-BF81-9161CB6B29C3}.Debug|x64.ActiveCfg = Debug|x64
		{628302B4-7824-4A64-BF81-9161CB6B29C3}.Debug|x64.Build.0 = Debug|x64
		{628302B4-7824-4A64-BF81-9161CB6B29C3}.Debug|x64.Deploy.0 = Debug|x64
		{628302B4-7824-4A64-BF81-9161CB6B29C3}.Debug|x86.ActiveCfg = Debug|x86
		{628302B4-7824-4A64-BF81-9161CB6B29C3}.Debug|x86.Build.0 = Debug|x86
		{628302B4-7824-4A64-BF81-9161CB6B29C3}.Debug|x86.Deploy.0 = Debug|x86
		{628302B4-7824-4A64-BF81-9161CB6B29C3}.Release|ARM64.ActiveCfg = Release|ARM64
		{628302B4-7824-4A64-BF81-9161CB6B29C3}.Release|ARM64.Build.0 = Release|ARM64
		{628302B4-7824-4A64-BF81-9161CB6B29C3}.Release|ARM64.Deploy.0 = Release|ARM64
		{628302B4-7824-4A64-BF81-9161CB6B29C3}.Release|x64.ActiveCfg = Release|x64
		{628302B4-7824-4A64-BF81-9161CB6B29C3}.Release|x64.Build.0 = Release|x64
		{628302B4-7824-4A64-BF81-9161CB6B29C3}.Release|x64.Deploy.0 = Release|x64
		{628302B4-7824-4A64-BF81-9161CB6B29C3}.Release|x86.ActiveCfg = Release|x86
		{628302B4-7824-4A64-BF81-9161CB6B29C3}.Release|x86.Build.0 = Release|x86
		{628302B4-7824-4A64-BF81-9161CB6B29C3}.Release|x86.Deploy.0 = Release|x86
		{1FA7DBC6-4565-48DD-AAC5-A88D9034D2D3}.Debug|ARM64.ActiveCfg = Debug|Any CPU
		{1FA7DBC6-4565-48DD-AAC5-A88D9034D2D3}.Debug|ARM64.Build.0 = Debug|Any CPU
		{1FA7DBC6-4565-48DD-AAC5-A88D9034D2D3}.Debug|x64.ActiveCfg = Debug|Any CPU
		{1FA7DBC6-4565-48DD-AAC5-A88D9034D2D3}.Debug|x64.Build.0 = Debug|Any CPU
		{1FA7DBC6-4565-48DD-AAC5-A88D9034D2D3}.Debug|x86.ActiveCfg = Debug|Any CPU
		{1FA7DBC6-4565-48DD-AAC5-A88D9034D2D3}.Debug|x86.Build.0 = Debug|Any CPU
		{1FA7DBC6-4565-48DD-AAC5-A88D9034D2D3}.Release|ARM64.ActiveCfg = Release|Any CPU
		{1FA7DBC6-4565-48DD-AAC5-A88D9034D2D3}.Release|ARM64.Build.0 = Release|Any CPU
		{1FA7DBC6-4565-48DD-AAC5-A88D9034D2D3}.Release|x64.ActiveCfg = Release|Any CPU
		{1FA7DBC6-4565-48DD-AAC5-A88D9034D2D3}.Release|x64.Build.0 = Release|Any CPU
		{1FA7DBC6-4565-48DD-AAC5-A88D9034D2D3}.Release|x86.ActiveCfg = Release|Any CPU
		{1FA7DBC6-4565-48DD-AAC5-A88D9034D2D3}.Release|x86.Build.0 = Release|Any CPU
		{DDC411D8-CE21-4A9E-BE21-B4DA3CAA749E}.Debug|ARM64.ActiveCfg = Debug|Any CPU
		{DDC411D8-CE21-4A9E-BE21-B4DA3CAA749E}.Debug|ARM64.Build.0 = Debug|Any CPU
		{DDC411D8-CE21-4A9E-BE21-B4DA3CAA749E}.Debug|x64.ActiveCfg = Debug|Any CPU
		{DDC411D8-CE21-4A9E-BE21-B4DA3CAA749E}.Debug|x64.Build.0 = Debug|Any CPU
		{DDC411D8-CE21-4A9E-BE21-B4DA3CAA749E}.Debug|x86.ActiveCfg = Debug|Any CPU
		{DDC411D8-CE21-4A9E-BE21-B4DA3CAA749E}.Debug|x86.Build.0 = Debug|Any CPU
		{DDC411D8-CE21-4A9E-BE21-B4DA3CAA749E}.Release|ARM64.ActiveCfg = Release|Any CPU
		{DDC411D8-CE21-4A9E-BE21-B4DA3CAA749E}.Release|ARM64.Build.0 = Release|Any CPU
		{DDC411D8-CE21-4A9E-BE21-B4DA3CAA749E}.Release|x64.ActiveCfg = Release|Any CPU
		{DDC411D8-CE21-4A9E-BE21-B4DA3CAA749E}.Release|x64.Build.0 = Release|Any CPU
		{DDC411D8-CE21-4A9E-BE21-B4DA3CAA749E}.Release|x86.ActiveCfg = Release|Any CPU
		{DDC411D8-CE21-4A9E-BE21-B4DA3CAA749E}.Release|x86.Build.0 = Release|Any CPU
		{A6146BF3-CDD7-4FA8-A4A4-E2D9FA1B7DE5}.Debug|ARM64.ActiveCfg = Debug|Any CPU
		{A6146BF3-CDD7-4FA8-A4A4-E2D9FA1B7DE5}.Debug|ARM64.Build.0 = Debug|Any CPU
		{A6146BF3-CDD7-4FA8-A4A4-E2D9FA1B7DE5}.Debug|x64.ActiveCfg = Debug|Any CPU
		{A6146BF3-CDD7-4FA8-A4A4-E2D9FA1B7DE5}.Debug|x64.Build.0 = Debug|Any CPU
		{A6146BF3-CDD7-4FA8-A4A4-E2D9FA1B7DE5}.Debug|x86.ActiveCfg = Debug|Any CPU
		{A6146BF3-CDD7-4FA8-A4A4-E2D9FA1B7DE5}.Debug|x86.Build.0 = Debug|Any CPU
		{A6146BF3-CDD7-4FA8-A4A4-E2D9FA1B7DE5}.Release|ARM64.ActiveCfg = Release|Any CPU
		{A6146BF3-CDD7-4FA8-A4A4-E2D9FA1B7DE5}.Release|ARM64.Build.0 = Release|Any CPU
		{A6146BF3-CDD7-4FA8-A4A4-E2D9FA1B7DE5}.Release|x64.ActiveCfg = Release|Any CPU
		{A6146BF3-CDD7-4FA8-A4A4-E2D9FA1B7DE5}.Release|x64.Build.0 = Release|Any CPU
		{A6146BF3-CDD7-4FA8-A4A4-E2D9FA1B7DE5}.Release|x86.ActiveCfg = Release|Any CPU
		{A6146BF3-CDD7-4FA8-A4A4-E2D9FA1B7DE5}.Release|x86.Build.0 = Release|Any CPU
		{B5186732-6A6F-4624-875A-337966EEB12F}.Debug|ARM64.ActiveCfg = Debug|Any CPU
		{B5186732-6A6F-4624-875A-337966EEB12F}.Debug|ARM64.Build.0 = Debug|Any CPU
		{B5186732-6A6F-4624-875A-337966EEB12F}.Debug|x64.ActiveCfg = Debug|Any CPU
		{B5186732-6A6F-4624-875A-337966EEB12F}.Debug|x64.Build.0 = Debug|Any CPU
		{B5186732-6A6F-4624-875A-337966EEB12F}.Debug|x86.ActiveCfg = Debug|Any CPU
		{B5186732-6A6F-4624-875A-337966EEB12F}.Debug|x86.Build.0 = Debug|Any CPU
		{B5186732-6A6F-4624-875A-337966EEB12F}.Release|ARM64.ActiveCfg = Release|Any CPU
		{B5186732-6A6F-4624-875A-337966EEB12F}.Release|ARM64.Build.0 = Release|Any CPU
		{B5186732-6A6F-4624-875A-337966EEB12F}.Release|x64.ActiveCfg = Release|Any CPU
		{B5186732-6A6F-4624-875A-337966EEB12F}.Release|x64.Build.0 = Release|Any CPU
		{B5186732-6A6F-4624-875A-337966EEB12F}.Release|x86.ActiveCfg = Release|Any CPU
		{B5186732-6A6F-4624-875A-337966EEB12F}.Release|x86.Build.0 = Release|Any CPU
		{BADB21FC-3B6F-4A23-B59A-351CA9675454}.Debug|ARM64.ActiveCfg = Debug|Any CPU
		{BADB21FC-3B6F-4A23-B59A-351CA9675454}.Debug|ARM64.Build.0 = Debug|Any CPU
		{BADB21FC-3B6F-4A23-B59A-351CA9675454}.Debug|x64.ActiveCfg = Debug|Any CPU
		{BADB21FC-3B6F-4A23-B59A-351CA9675454}.Debug|x64.Build.0 = Debug|Any CPU
		{BADB21FC-3B6F-4A23-B59A-351CA9675454}.Debug|x86.ActiveCfg = Debug|Any CPU
		{BADB21FC-3B6F-4A23-B59A-351CA9675454}.Debug|x86.Build.0 = Debug|Any CPU
		{BADB21FC-3B6F-4A23-B59A-351CA9675454}.Release|ARM64.ActiveCfg = Release|Any CPU
		{BADB21FC-3B6F-4A23-B59A-351CA9675454}.Release|ARM64.Build.0 = Release|Any CPU
		{BADB21FC-3B6F-4A23-B59A-351CA9675454}.Release|x64.ActiveCfg = Release|Any CPU
		{BADB21FC-3B6F-4A23-B59A-351CA9675454}.Release|x64.Build.0 = Release|Any CPU
		{BADB21FC-3B6F-4A23-B59A-351CA9675454}.Release|x86.ActiveCfg = Release|Any CPU
		{BADB21FC-3B6F-4A23-B59A-351CA9675454}.Release|x86.Build.0 = Release|Any CPU
		{3B563498-E59E-4552-A86A-F4ECE01B6E58}.Debug|ARM64.ActiveCfg = Debug|Any CPU
		{3B563498-E59E-4552-A86A-F4ECE01B6E58}.Debug|ARM64.Build.0 = Debug|Any CPU
		{3B563498-E59E-4552-A86A-F4ECE01B6E58}.Debug|x64.ActiveCfg = Debug|Any CPU
		{3B563498-E59E-4552-A86A-F4ECE01B6E58}.Debug|x64.Build.0 = Debug|Any CPU
		{3B563498-E59E-4552-A86A-F4ECE01B6E58}.Debug|x86.ActiveCfg = Debug|Any CPU
		{3B563498-E59E-4552-A86A-F4ECE01B6E58}.Debug|x86.Build.0 = Debug|Any CPU
		{3B563498-E59E-4552-A86A-F4ECE01B6E58}.Release|ARM64.ActiveCfg = Release|Any CPU
		{3B563498-E59E-4552-A86A-F4ECE01B6E58}.Release|ARM64.Build.0 = Release|Any CPU
		{3B563498-E59E-4552-A86A-F4ECE01B6E58}.Release|x64.ActiveCfg = Release|Any CPU
		{3B563498-E59E-4552-A86A-F4ECE01B6E58}.Release|x64.Build.0 = Release|Any CPU
		{3B563498-E59E-4552-A86A-F4ECE01B6E58}.Release|x86.ActiveCfg = Release|Any CPU
		{3B563498-E59E-4552-A86A-F4ECE01B6E58}.Release|x86.Build.0 = Release|Any CPU
		{4CA70AF2-F132-44A9-86ED-EA6D56BCC32B}.Debug|ARM64.ActiveCfg = Debug|Any CPU
		{4CA70AF2-F132-44A9-86ED-EA6D56BCC32B}.Debug|ARM64.Build.0 = Debug|Any CPU
		{4CA70AF2-F132-44A9-86ED-EA6D56BCC32B}.Debug|x64.ActiveCfg = Debug|Any CPU
		{4CA70AF2-F132-44A9-86ED-EA6D56BCC32B}.Debug|x64.Build.0 = Debug|Any CPU
		{4CA70AF2-F132-44A9-86ED-EA6D56BCC32B}.Debug|x86.ActiveCfg = Debug|Any CPU
		{4CA70AF2-F132-44A9-86ED-EA6D56BCC32B}.Debug|x86.Build.0 = Debug|Any CPU
		{4CA70AF2-F132-44A9-86ED-EA6D56BCC32B}.Release|ARM64.ActiveCfg = Release|Any CPU
		{4CA70AF2-F132-44A9-86ED-EA6D56BCC32B}.Release|ARM64.Build.0 = Release|Any CPU
		{4CA70AF2-F132-44A9-86ED-EA6D56BCC32B}.Release|x64.ActiveCfg = Release|Any CPU
		{4CA70AF2-F132-44A9-86ED-EA6D56BCC32B}.Release|x64.Build.0 = Release|Any CPU
		{4CA70AF2-F132-44A9-86ED-EA6D56BCC32B}.Release|x86.ActiveCfg = Release|Any CPU
		{4CA70AF2-F132-44A9-86ED-EA6D56BCC32B}.Release|x86.Build.0 = Release|Any CPU
		{B83BE97C-7A9A-4B10-BFBD-F3A053CBD6ED}.Debug|ARM64.ActiveCfg = Debug|Any CPU
		{B83BE97C-7A9A-4B10-BFBD-F3A053CBD6ED}.Debug|ARM64.Build.0 = Debug|Any CPU
		{B83BE97C-7A9A-4B10-BFBD-F3A053CBD6ED}.Debug|x64.ActiveCfg = Debug|Any CPU
		{B83BE97C-7A9A-4B10-BFBD-F3A053CBD6ED}.Debug|x64.Build.0 = Debug|Any CPU
		{B83BE97C-7A9A-4B10-BFBD-F3A053CBD6ED}.Debug|x86.ActiveCfg = Debug|Any CPU
		{B83BE97C-7A9A-4B10-BFBD-F3A053CBD6ED}.Debug|x86.Build.0 = Debug|Any CPU
		{B83BE97C-7A9A-4B10-BFBD-F3A053CBD6ED}.Release|ARM64.ActiveCfg = Release|Any CPU
		{B83BE97C-7A9A-4B10-BFBD-F3A053CBD6ED}.Release|ARM64.Build.0 = Release|Any CPU
		{B83BE97C-7A9A-4B10-BFBD-F3A053CBD6ED}.Release|x64.ActiveCfg = Release|Any CPU
		{B83BE97C-7A9A-4B10-BFBD-F3A053CBD6ED}.Release|x64.Build.0 = Release|Any CPU
		{B83BE97C-7A9A-4B10-BFBD-F3A053CBD6ED}.Release|x86.ActiveCfg = Release|Any CPU
		{B83BE97C-7A9A-4B10-BFBD-F3A053CBD6ED}.Release|x86.Build.0 = Release|Any CPU
	EndGlobalSection
	GlobalSection(SolutionProperties) = preSolution
		HideSolutionNode = FALSE
	EndGlobalSection
	GlobalSection(NestedProjects) = preSolution
		{628302B4-7824-4A64-BF81-9161CB6B29C3} = {DDB4EF12-CC4E-5E88-E6FC-71A802F4DE97}
		{6C6CBCF6-5684-4657-A965-1775F435A7DB} = {28605351-3754-4593-BD4F-3BC3DE20BFE9}
		{1FA7DBC6-4565-48DD-AAC5-A88D9034D2D3} = {6C6CBCF6-5684-4657-A965-1775F435A7DB}
		{DDC411D8-CE21-4A9E-BE21-B4DA3CAA749E} = {28605351-3754-4593-BD4F-3BC3DE20BFE9}
		{A6146BF3-CDD7-4FA8-A4A4-E2D9FA1B7DE5} = {DDB4EF12-CC4E-5E88-E6FC-71A802F4DE97}
		{B5186732-6A6F-4624-875A-337966EEB12F} = {DDB4EF12-CC4E-5E88-E6FC-71A802F4DE97}
		{BADB21FC-3B6F-4A23-B59A-351CA9675454} = {DDB4EF12-CC4E-5E88-E6FC-71A802F4DE97}
		{3B563498-E59E-4552-A86A-F4ECE01B6E58} = {675528B2-F6D2-4A9A-9E1A-B516B4080BA8}
		{4CA70AF2-F132-44A9-86ED-EA6D56BCC32B} = {675528B2-F6D2-4A9A-9E1A-B516B4080BA8}
		{B83BE97C-7A9A-4B10-BFBD-F3A053CBD6ED} = {675528B2-F6D2-4A9A-9E1A-B516B4080BA8}
	EndGlobalSection
	GlobalSection(ExtensibilityGlobals) = postSolution
		SolutionGuid = {F8955A9B-A527-4C59-B872-E7230D925896}
	EndGlobalSection
EndGlobal
