
Microsoft Visual Studio Solution File, Format Version 12.00
# Visual Studio Version 17
VisualStudioVersion = 17.0.31903.59
MinimumVisualStudioVersion = 10.0.40219.1
Project("{2150E333-8FDC-42A3-9474-1A3956D46DE8}") = "src-shared", "src-shared", "{4CE6434C-E1D1-4D23-A205-46C5F11273F6}"
EndProject
Project("{FAE04EC0-301F-11D3-BF4B-00C04F79EFBC}") = "GPScoreTracker.Domain", "src-shared\GPScoreTracker.Domain\GPScoreTracker.Domain.csproj", "{85A16573-B19D-49E3-B29C-A9CE321128E4}"
EndProject
Project("{2150E333-8FDC-42A3-9474-1A3956D46DE8}") = "src-server", "src-server", "{6AF452A0-4B36-4A04-B913-9D0937DFCCED}"
EndProject
Project("{FAE04EC0-301F-11D3-BF4B-00C04F79EFBC}") = "GPScoreTracker.Server.WebApi", "src-server\GPScoreTracker.Server.WebApi\GPScoreTracker.Server.WebApi.csproj", "{3398C7C8-3145-44B8-B3EA-29B05301734B}"
EndProject
Project("{2150E333-8FDC-42A3-9474-1A3956D46DE8}") = "src-client", "src-client", "{03EFF0BB-333C-4ADE-880D-E626BDB27460}"
EndProject
Project("{FAE04EC0-301F-11D3-BF4B-00C04F79EFBC}") = "GPScoreTracker.Client.Application", "src-client\GPScoreTracker.Client.Application\GPScoreTracker.Client.Application.csproj", "{623C1383-E9A5-4002-9057-9D6108BD47E7}"
EndProject
Project("{FAE04EC0-301F-11D3-BF4B-00C04F79EFBC}") = "GPScoreTracker.Client.Infrastructure", "src-client\GPScoreTracker.Client.Infrastructure\GPScoreTracker.Client.Infrastructure.csproj", "{3CF5DA96-3A05-4C9A-BC11-FA9CCA636BA0}"
EndProject
Project("{FAE04EC0-301F-11D3-BF4B-00C04F79EFBC}") = "GPScoreTracker.WinUi", "src-client\GPScoreTracker.WinUi\GPScoreTracker.WinUi.csproj", "{7E9D4612-E1D5-4C06-8466-4DF9BB1A247A}"
EndProject
Project("{2150E333-8FDC-42A3-9474-1A3956D46DE8}") = "tests", "tests", "{43ED0D71-75EF-4012-8A02-2EDBFBBB4230}"
EndProject
Project("{FAE04EC0-301F-11D3-BF4B-00C04F79EFBC}") = "GPScoreTracker.Domain.Tests", "tests\GPScoreTracker.Domain.Tests\GPScoreTracker.Domain.Tests.csproj", "{210B9A9E-80A2-4659-B0D4-C3F87FDADC99}"
EndProject
Project("{FAE04EC0-301F-11D3-BF4B-00C04F79EFBC}") = "GPScoreTracker.Client.Application.Tests", "tests\GPScoreTracker.Client.Application.Tests\GPScoreTracker.Client.Application.Tests.csproj", "{B4FA6372-2BCB-413C-82CC-F94908E3A6D0}"
EndProject
Project("{FAE04EC0-301F-11D3-BF4B-00C04F79EFBC}") = "GPScoreTracker.Client.Infrastructure.Tests", "tests\GPScoreTracker.Client.Infrastructure.Tests\GPScoreTracker.Client.Infrastructure.Tests.csproj", "{C4A03447-FCCB-4FE4-BACE-0B52F7E962F0}"
EndProject
Global
	GlobalSection(SolutionConfigurationPlatforms) = preSolution
		Debug|Any CPU = Debug|Any CPU
		Release|Any CPU = Release|Any CPU
	EndGlobalSection
	GlobalSection(SolutionProperties) = preSolution
		HideSolutionNode = FALSE
	EndGlobalSection
	GlobalSection(ProjectConfigurationPlatforms) = postSolution
		{85A16573-B19D-49E3-B29C-A9CE321128E4}.Debug|Any CPU.ActiveCfg = Debug|Any CPU
		{85A16573-B19D-49E3-B29C-A9CE321128E4}.Debug|Any CPU.Build.0 = Debug|Any CPU
		{85A16573-B19D-49E3-B29C-A9CE321128E4}.Release|Any CPU.ActiveCfg = Release|Any CPU
		{85A16573-B19D-49E3-B29C-A9CE321128E4}.Release|Any CPU.Build.0 = Release|Any CPU
		{3398C7C8-3145-44B8-B3EA-29B05301734B}.Debug|Any CPU.ActiveCfg = Debug|Any CPU
		{3398C7C8-3145-44B8-B3EA-29B05301734B}.Debug|Any CPU.Build.0 = Debug|Any CPU
		{3398C7C8-3145-44B8-B3EA-29B05301734B}.Release|Any CPU.ActiveCfg = Release|Any CPU
		{3398C7C8-3145-44B8-B3EA-29B05301734B}.Release|Any CPU.Build.0 = Release|Any CPU
		{623C1383-E9A5-4002-9057-9D6108BD47E7}.Debug|Any CPU.ActiveCfg = Debug|Any CPU
		{623C1383-E9A5-4002-9057-9D6108BD47E7}.Debug|Any CPU.Build.0 = Debug|Any CPU
		{623C1383-E9A5-4002-9057-9D6108BD47E7}.Release|Any CPU.ActiveCfg = Release|Any CPU
		{623C1383-E9A5-4002-9057-9D6108BD47E7}.Release|Any CPU.Build.0 = Release|Any CPU
		{3CF5DA96-3A05-4C9A-BC11-FA9CCA636BA0}.Debug|Any CPU.ActiveCfg = Debug|Any CPU
		{3CF5DA96-3A05-4C9A-BC11-FA9CCA636BA0}.Debug|Any CPU.Build.0 = Debug|Any CPU
		{3CF5DA96-3A05-4C9A-BC11-FA9CCA636BA0}.Release|Any CPU.ActiveCfg = Release|Any CPU
		{3CF5DA96-3A05-4C9A-BC11-FA9CCA636BA0}.Release|Any CPU.Build.0 = Release|Any CPU
		{7E9D4612-E1D5-4C06-8466-4DF9BB1A247A}.Debug|Any CPU.ActiveCfg = Debug|x86
		{7E9D4612-E1D5-4C06-8466-4DF9BB1A247A}.Debug|Any CPU.Build.0 = Debug|x86
		{7E9D4612-E1D5-4C06-8466-4DF9BB1A247A}.Release|Any CPU.ActiveCfg = Release|x86
		{7E9D4612-E1D5-4C06-8466-4DF9BB1A247A}.Release|Any CPU.Build.0 = Release|x86
		{210B9A9E-80A2-4659-B0D4-C3F87FDADC99}.Debug|Any CPU.ActiveCfg = Debug|Any CPU
		{210B9A9E-80A2-4659-B0D4-C3F87FDADC99}.Debug|Any CPU.Build.0 = Debug|Any CPU
		{210B9A9E-80A2-4659-B0D4-C3F87FDADC99}.Release|Any CPU.ActiveCfg = Release|Any CPU
		{210B9A9E-80A2-4659-B0D4-C3F87FDADC99}.Release|Any CPU.Build.0 = Release|Any CPU
		{B4FA6372-2BCB-413C-82CC-F94908E3A6D0}.Debug|Any CPU.ActiveCfg = Debug|Any CPU
		{B4FA6372-2BCB-413C-82CC-F94908E3A6D0}.Debug|Any CPU.Build.0 = Debug|Any CPU
		{B4FA6372-2BCB-413C-82CC-F94908E3A6D0}.Release|Any CPU.ActiveCfg = Release|Any CPU
		{B4FA6372-2BCB-413C-82CC-F94908E3A6D0}.Release|Any CPU.Build.0 = Release|Any CPU
		{C4A03447-FCCB-4FE4-BACE-0B52F7E962F0}.Debug|Any CPU.ActiveCfg = Debug|Any CPU
		{C4A03447-FCCB-4FE4-BACE-0B52F7E962F0}.Debug|Any CPU.Build.0 = Debug|Any CPU
		{C4A03447-FCCB-4FE4-BACE-0B52F7E962F0}.Release|Any CPU.ActiveCfg = Release|Any CPU
		{C4A03447-FCCB-4FE4-BACE-0B52F7E962F0}.Release|Any CPU.Build.0 = Release|Any CPU
	EndGlobalSection
	GlobalSection(NestedProjects) = preSolution
		{85A16573-B19D-49E3-B29C-A9CE321128E4} = {4CE6434C-E1D1-4D23-A205-46C5F11273F6}
		{3398C7C8-3145-44B8-B3EA-29B05301734B} = {6AF452A0-4B36-4A04-B913-9D0937DFCCED}
		{623C1383-E9A5-4002-9057-9D6108BD47E7} = {03EFF0BB-333C-4ADE-880D-E626BDB27460}
		{3CF5DA96-3A05-4C9A-BC11-FA9CCA636BA0} = {03EFF0BB-333C-4ADE-880D-E626BDB27460}
		{7E9D4612-E1D5-4C06-8466-4DF9BB1A247A} = {03EFF0BB-333C-4ADE-880D-E626BDB27460}
		{210B9A9E-80A2-4659-B0D4-C3F87FDADC99} = {43ED0D71-75EF-4012-8A02-2EDBFBBB4230}
		{B4FA6372-2BCB-413C-82CC-F94908E3A6D0} = {43ED0D71-75EF-4012-8A02-2EDBFBBB4230}
		{C4A03447-FCCB-4FE4-BACE-0B52F7E962F0} = {43ED0D71-75EF-4012-8A02-2EDBFBBB4230}
	EndGlobalSection
EndGlobal
