
Microsoft Visual Studio Solution File, Format Version 12.00
# Visual Studio Version 17
VisualStudioVersion = 17.14.36518.9
MinimumVisualStudioVersion = 10.0.40219.1
Project("{2150E333-8FDC-42A3-9474-1A3956D46DE8}") = "docs", "docs", "{5957185B-C9A6-4B84-88DD-A3C8EF99CBD8}"
	ProjectSection(SolutionItems) = preProject
		docs\ARCHITECTURE.md = docs\ARCHITECTURE.md
	EndProjectSection
EndProject
Project("{2150E333-8FDC-42A3-9474-1A3956D46DE8}") = "src-shared", "src-shared", "{13AB4870-8038-086C-0CD0-D24D535182C0}"
EndProject
Project("{FAE04EC0-301F-11D3-BF4B-00C04F79EFBC}") = "GPScoreTracker.Domain", "src-shared\GPScoreTracker.Domain\GPScoreTracker.Domain.csproj", "{8FD27C47-C9BE-44EB-948D-C605FCDAFA56}"
EndProject
Project("{FAE04EC0-301F-11D3-BF4B-00C04F79EFBC}") = "GPScoreTracker.WinUi", "src-client\GPScoreTracker.WinUi\GPScoreTracker.WinUi.csproj", "{009B8320-1FF2-418C-B84D-0FC41248EB54}"
EndProject
Project("{FAE04EC0-301F-11D3-BF4B-00C04F79EFBC}") = "GPScoreTracker.Application", "src-client\GPScoreTracker.Client.Application\GPScoreTracker.Application.csproj", "{81B8CDA5-7523-420C-8D8B-D8BAFBDD8A6A}"
EndProject
Project("{FAE04EC0-301F-11D3-BF4B-00C04F79EFBC}") = "GPScoreTracker.Infrastructure", "src-client\GPScoreTracker.Client.Infrastructure\GPScoreTracker.Infrastructure.csproj", "{91FCF2B7-4815-40B9-BACE-903C78AB6FCB}"
EndProject
Project("{FAE04EC0-301F-11D3-BF4B-00C04F79EFBC}") = "GPScoreTracker.Server.Functions", "src-server\GPScoreTracker.Server.Functions\GPScoreTracker.Server.Functions.csproj", "{8382A296-ED2D-4153-B735-95B798B84531}"
EndProject
Project("{FAE04EC0-301F-11D3-BF4B-00C04F79EFBC}") = "GPScoreTracker.Domain.Tests", "tests\GPScoreTracker.Domain.Tests\GPScoreTracker.Domain.Tests.csproj", "{69694FCE-BF7B-4F73-927E-5703E22DC565}"
EndProject
Project("{FAE04EC0-301F-11D3-BF4B-00C04F79EFBC}") = "GPScoreTracker.Application.Tests", "tests\GPScoreTracker.Client.Application.Tests\GPScoreTracker.Application.Tests.csproj", "{7BD136C0-3D57-41AF-B55C-7ED1EA062E7A}"
EndProject
Project("{FAE04EC0-301F-11D3-BF4B-00C04F79EFBC}") = "GPScoreTracker.Infrastructure.Tests", "tests\GPScoreTracker.Client.Infrastructure.Tests\GPScoreTracker.Infrastructure.Tests.csproj", "{630E2EFE-8BB7-43B4-871D-1B58C6B87F08}"
EndProject
Project("{FAE04EC0-301F-11D3-BF4B-00C04F79EFBC}") = "GPScoreTracker.Server.Functions.Tests", "tests\GPScoreTracker.Server.Functions.Tests\GPScoreTracker.Server.Functions.Tests.csproj", "{93A0C437-818A-4C03-AA94-B5022A7B91F4}"
EndProject
Global
	GlobalSection(SolutionConfigurationPlatforms) = preSolution
		Debug|ARM64 = Debug|ARM64
		Debug|x64 = Debug|x64
		Debug|x86 = Debug|x86
		Debug|Any CPU = Debug|Any CPU
		Release|ARM64 = Release|ARM64
		Release|x64 = Release|x64
		Release|x86 = Release|x86
		Release|Any CPU = Release|Any CPU
	EndGlobalSection
	GlobalSection(ProjectConfigurationPlatforms) = postSolution
		{8FD27C47-C9BE-44EB-948D-C605FCDAFA56}.Debug|ARM64.ActiveCfg = Debug|Any CPU
		{8FD27C47-C9BE-44EB-948D-C605FCDAFA56}.Debug|ARM64.Build.0 = Debug|Any CPU
		{8FD27C47-C9BE-44EB-948D-C605FCDAFA56}.Debug|x64.ActiveCfg = Debug|Any CPU
		{8FD27C47-C9BE-44EB-948D-C605FCDAFA56}.Debug|x64.Build.0 = Debug|Any CPU
		{8FD27C47-C9BE-44EB-948D-C605FCDAFA56}.Debug|x86.ActiveCfg = Debug|Any CPU
		{8FD27C47-C9BE-44EB-948D-C605FCDAFA56}.Debug|x86.Build.0 = Debug|Any CPU
		{8FD27C47-C9BE-44EB-948D-C605FCDAFA56}.Debug|Any CPU.ActiveCfg = Debug|Any CPU
		{8FD27C47-C9BE-44EB-948D-C605FCDAFA56}.Debug|Any CPU.Build.0 = Debug|Any CPU
		{8FD27C47-C9BE-44EB-948D-C605FCDAFA56}.Release|ARM64.ActiveCfg = Release|Any CPU
		{8FD27C47-C9BE-44EB-948D-C605FCDAFA56}.Release|ARM64.Build.0 = Release|Any CPU
		{8FD27C47-C9BE-44EB-948D-C605FCDAFA56}.Release|x64.ActiveCfg = Release|Any CPU
		{8FD27C47-C9BE-44EB-948D-C605FCDAFA56}.Release|x64.Build.0 = Release|Any CPU
		{8FD27C47-C9BE-44EB-948D-C605FCDAFA56}.Release|x86.ActiveCfg = Release|Any CPU
		{8FD27C47-C9BE-44EB-948D-C605FCDAFA56}.Release|x86.Build.0 = Release|Any CPU
		{8FD27C47-C9BE-44EB-948D-C605FCDAFA56}.Release|Any CPU.ActiveCfg = Release|Any CPU
		{8FD27C47-C9BE-44EB-948D-C605FCDAFA56}.Release|Any CPU.Build.0 = Release|Any CPU
		{009B8320-1FF2-418C-B84D-0FC41248EB54}.Debug|ARM64.ActiveCfg = Debug|ARM64
		{009B8320-1FF2-418C-B84D-0FC41248EB54}.Debug|ARM64.Build.0 = Debug|ARM64
		{009B8320-1FF2-418C-B84D-0FC41248EB54}.Debug|x64.ActiveCfg = Debug|x64
		{009B8320-1FF2-418C-B84D-0FC41248EB54}.Debug|x64.Build.0 = Debug|x64
		{009B8320-1FF2-418C-B84D-0FC41248EB54}.Debug|x86.ActiveCfg = Debug|x86
		{009B8320-1FF2-418C-B84D-0FC41248EB54}.Debug|x86.Build.0 = Debug|x86
		{009B8320-1FF2-418C-B84D-0FC41248EB54}.Debug|Any CPU.ActiveCfg = Debug|x86
		{009B8320-1FF2-418C-B84D-0FC41248EB54}.Debug|Any CPU.Build.0 = Debug|x86
		{009B8320-1FF2-418C-B84D-0FC41248EB54}.Release|ARM64.ActiveCfg = Release|ARM64
		{009B8320-1FF2-418C-B84D-0FC41248EB54}.Release|ARM64.Build.0 = Release|ARM64
		{009B8320-1FF2-418C-B84D-0FC41248EB54}.Release|x64.ActiveCfg = Release|x64
		{009B8320-1FF2-418C-B84D-0FC41248EB54}.Release|x64.Build.0 = Release|x64
		{009B8320-1FF2-418C-B84D-0FC41248EB54}.Release|x86.ActiveCfg = Release|x86
		{009B8320-1FF2-418C-B84D-0FC41248EB54}.Release|x86.Build.0 = Release|x86
		{009B8320-1FF2-418C-B84D-0FC41248EB54}.Release|Any CPU.ActiveCfg = Release|x86
		{009B8320-1FF2-418C-B84D-0FC41248EB54}.Release|Any CPU.Build.0 = Release|x86
		{81B8CDA5-7523-420C-8D8B-D8BAFBDD8A6A}.Debug|ARM64.ActiveCfg = Debug|Any CPU
		{81B8CDA5-7523-420C-8D8B-D8BAFBDD8A6A}.Debug|ARM64.Build.0 = Debug|Any CPU
		{81B8CDA5-7523-420C-8D8B-D8BAFBDD8A6A}.Debug|x64.ActiveCfg = Debug|Any CPU
		{81B8CDA5-7523-420C-8D8B-D8BAFBDD8A6A}.Debug|x64.Build.0 = Debug|Any CPU
		{81B8CDA5-7523-420C-8D8B-D8BAFBDD8A6A}.Debug|x86.ActiveCfg = Debug|Any CPU
		{81B8CDA5-7523-420C-8D8B-D8BAFBDD8A6A}.Debug|x86.Build.0 = Debug|Any CPU
		{81B8CDA5-7523-420C-8D8B-D8BAFBDD8A6A}.Debug|Any CPU.ActiveCfg = Debug|Any CPU
		{81B8CDA5-7523-420C-8D8B-D8BAFBDD8A6A}.Debug|Any CPU.Build.0 = Debug|Any CPU
		{81B8CDA5-7523-420C-8D8B-D8BAFBDD8A6A}.Release|ARM64.ActiveCfg = Release|Any CPU
		{81B8CDA5-7523-420C-8D8B-D8BAFBDD8A6A}.Release|ARM64.Build.0 = Release|Any CPU
		{81B8CDA5-7523-420C-8D8B-D8BAFBDD8A6A}.Release|x64.ActiveCfg = Release|Any CPU
		{81B8CDA5-7523-420C-8D8B-D8BAFBDD8A6A}.Release|x64.Build.0 = Release|Any CPU
		{81B8CDA5-7523-420C-8D8B-D8BAFBDD8A6A}.Release|x86.ActiveCfg = Release|Any CPU
		{81B8CDA5-7523-420C-8D8B-D8BAFBDD8A6A}.Release|x86.Build.0 = Release|Any CPU
		{81B8CDA5-7523-420C-8D8B-D8BAFBDD8A6A}.Release|Any CPU.ActiveCfg = Release|Any CPU
		{81B8CDA5-7523-420C-8D8B-D8BAFBDD8A6A}.Release|Any CPU.Build.0 = Release|Any CPU
		{91FCF2B7-4815-40B9-BACE-903C78AB6FCB}.Debug|ARM64.ActiveCfg = Debug|Any CPU
		{91FCF2B7-4815-40B9-BACE-903C78AB6FCB}.Debug|ARM64.Build.0 = Debug|Any CPU
		{91FCF2B7-4815-40B9-BACE-903C78AB6FCB}.Debug|x64.ActiveCfg = Debug|Any CPU
		{91FCF2B7-4815-40B9-BACE-903C78AB6FCB}.Debug|x64.Build.0 = Debug|Any CPU
		{91FCF2B7-4815-40B9-BACE-903C78AB6FCB}.Debug|x86.ActiveCfg = Debug|Any CPU
		{91FCF2B7-4815-40B9-BACE-903C78AB6FCB}.Debug|x86.Build.0 = Debug|Any CPU
		{91FCF2B7-4815-40B9-BACE-903C78AB6FCB}.Debug|Any CPU.ActiveCfg = Debug|Any CPU
		{91FCF2B7-4815-40B9-BACE-903C78AB6FCB}.Debug|Any CPU.Build.0 = Debug|Any CPU
		{91FCF2B7-4815-40B9-BACE-903C78AB6FCB}.Release|ARM64.ActiveCfg = Release|Any CPU
		{91FCF2B7-4815-40B9-BACE-903C78AB6FCB}.Release|ARM64.Build.0 = Release|Any CPU
		{91FCF2B7-4815-40B9-BACE-903C78AB6FCB}.Release|x64.ActiveCfg = Release|Any CPU
		{91FCF2B7-4815-40B9-BACE-903C78AB6FCB}.Release|x64.Build.0 = Release|Any CPU
		{91FCF2B7-4815-40B9-BACE-903C78AB6FCB}.Release|x86.ActiveCfg = Release|Any CPU
		{91FCF2B7-4815-40B9-BACE-903C78AB6FCB}.Release|x86.Build.0 = Release|Any CPU
		{91FCF2B7-4815-40B9-BACE-903C78AB6FCB}.Release|Any CPU.ActiveCfg = Release|Any CPU
		{91FCF2B7-4815-40B9-BACE-903C78AB6FCB}.Release|Any CPU.Build.0 = Release|Any CPU
		{8382A296-ED2D-4153-B735-95B798B84531}.Debug|ARM64.ActiveCfg = Debug|Any CPU
		{8382A296-ED2D-4153-B735-95B798B84531}.Debug|ARM64.Build.0 = Debug|Any CPU
		{8382A296-ED2D-4153-B735-95B798B84531}.Debug|x64.ActiveCfg = Debug|Any CPU
		{8382A296-ED2D-4153-B735-95B798B84531}.Debug|x64.Build.0 = Debug|Any CPU
		{8382A296-ED2D-4153-B735-95B798B84531}.Debug|x86.ActiveCfg = Debug|Any CPU
		{8382A296-ED2D-4153-B735-95B798B84531}.Debug|x86.Build.0 = Debug|Any CPU
		{8382A296-ED2D-4153-B735-95B798B84531}.Debug|Any CPU.ActiveCfg = Debug|Any CPU
		{8382A296-ED2D-4153-B735-95B798B84531}.Debug|Any CPU.Build.0 = Debug|Any CPU
		{8382A296-ED2D-4153-B735-95B798B84531}.Release|ARM64.ActiveCfg = Release|Any CPU
		{8382A296-ED2D-4153-B735-95B798B84531}.Release|ARM64.Build.0 = Release|Any CPU
		{8382A296-ED2D-4153-B735-95B798B84531}.Release|x64.ActiveCfg = Release|Any CPU
		{8382A296-ED2D-4153-B735-95B798B84531}.Release|x64.Build.0 = Release|Any CPU
		{8382A296-ED2D-4153-B735-95B798B84531}.Release|x86.ActiveCfg = Release|Any CPU
		{8382A296-ED2D-4153-B735-95B798B84531}.Release|x86.Build.0 = Release|Any CPU
		{8382A296-ED2D-4153-B735-95B798B84531}.Release|Any CPU.ActiveCfg = Release|Any CPU
		{8382A296-ED2D-4153-B735-95B798B84531}.Release|Any CPU.Build.0 = Release|Any CPU
		{69694FCE-BF7B-4F73-927E-5703E22DC565}.Debug|ARM64.ActiveCfg = Debug|Any CPU
		{69694FCE-BF7B-4F73-927E-5703E22DC565}.Debug|ARM64.Build.0 = Debug|Any CPU
		{69694FCE-BF7B-4F73-927E-5703E22DC565}.Debug|x64.ActiveCfg = Debug|Any CPU
		{69694FCE-BF7B-4F73-927E-5703E22DC565}.Debug|x64.Build.0 = Debug|Any CPU
		{69694FCE-BF7B-4F73-927E-5703E22DC565}.Debug|x86.ActiveCfg = Debug|Any CPU
		{69694FCE-BF7B-4F73-927E-5703E22DC565}.Debug|x86.Build.0 = Debug|Any CPU
		{69694FCE-BF7B-4F73-927E-5703E22DC565}.Debug|Any CPU.ActiveCfg = Debug|Any CPU
		{69694FCE-BF7B-4F73-927E-5703E22DC565}.Debug|Any CPU.Build.0 = Debug|Any CPU
		{69694FCE-BF7B-4F73-927E-5703E22DC565}.Release|ARM64.ActiveCfg = Release|Any CPU
		{69694FCE-BF7B-4F73-927E-5703E22DC565}.Release|ARM64.Build.0 = Release|Any CPU
		{69694FCE-BF7B-4F73-927E-5703E22DC565}.Release|x64.ActiveCfg = Release|Any CPU
		{69694FCE-BF7B-4F73-927E-5703E22DC565}.Release|x64.Build.0 = Release|Any CPU
		{69694FCE-BF7B-4F73-927E-5703E22DC565}.Release|x86.ActiveCfg = Release|Any CPU
		{69694FCE-BF7B-4F73-927E-5703E22DC565}.Release|x86.Build.0 = Release|Any CPU
		{69694FCE-BF7B-4F73-927E-5703E22DC565}.Release|Any CPU.ActiveCfg = Release|Any CPU
		{69694FCE-BF7B-4F73-927E-5703E22DC565}.Release|Any CPU.Build.0 = Release|Any CPU
		{7BD136C0-3D57-41AF-B55C-7ED1EA062E7A}.Debug|ARM64.ActiveCfg = Debug|Any CPU
		{7BD136C0-3D57-41AF-B55C-7ED1EA062E7A}.Debug|ARM64.Build.0 = Debug|Any CPU
		{7BD136C0-3D57-41AF-B55C-7ED1EA062E7A}.Debug|x64.ActiveCfg = Debug|Any CPU
		{7BD136C0-3D57-41AF-B55C-7ED1EA062E7A}.Debug|x64.Build.0 = Debug|Any CPU
		{7BD136C0-3D57-41AF-B55C-7ED1EA062E7A}.Debug|x86.ActiveCfg = Debug|Any CPU
		{7BD136C0-3D57-41AF-B55C-7ED1EA062E7A}.Debug|x86.Build.0 = Debug|Any CPU
		{7BD136C0-3D57-41AF-B55C-7ED1EA062E7A}.Debug|Any CPU.ActiveCfg = Debug|Any CPU
		{7BD136C0-3D57-41AF-B55C-7ED1EA062E7A}.Debug|Any CPU.Build.0 = Debug|Any CPU
		{7BD136C0-3D57-41AF-B55C-7ED1EA062E7A}.Release|ARM64.ActiveCfg = Release|Any CPU
		{7BD136C0-3D57-41AF-B55C-7ED1EA062E7A}.Release|ARM64.Build.0 = Release|Any CPU
		{7BD136C0-3D57-41AF-B55C-7ED1EA062E7A}.Release|x64.ActiveCfg = Release|Any CPU
		{7BD136C0-3D57-41AF-B55C-7ED1EA062E7A}.Release|x64.Build.0 = Release|Any CPU
		{7BD136C0-3D57-41AF-B55C-7ED1EA062E7A}.Release|x86.ActiveCfg = Release|Any CPU
		{7BD136C0-3D57-41AF-B55C-7ED1EA062E7A}.Release|x86.Build.0 = Release|Any CPU
		{7BD136C0-3D57-41AF-B55C-7ED1EA062E7A}.Release|Any CPU.ActiveCfg = Release|Any CPU
		{7BD136C0-3D57-41AF-B55C-7ED1EA062E7A}.Release|Any CPU.Build.0 = Release|Any CPU
		{630E2EFE-8BB7-43B4-871D-1B58C6B87F08}.Debug|ARM64.ActiveCfg = Debug|Any CPU
		{630E2EFE-8BB7-43B4-871D-1B58C6B87F08}.Debug|ARM64.Build.0 = Debug|Any CPU
		{630E2EFE-8BB7-43B4-871D-1B58C6B87F08}.Debug|x64.ActiveCfg = Debug|Any CPU
		{630E2EFE-8BB7-43B4-871D-1B58C6B87F08}.Debug|x64.Build.0 = Debug|Any CPU
		{630E2EFE-8BB7-43B4-871D-1B58C6B87F08}.Debug|x86.ActiveCfg = Debug|Any CPU
		{630E2EFE-8BB7-43B4-871D-1B58C6B87F08}.Debug|x86.Build.0 = Debug|Any CPU
		{630E2EFE-8BB7-43B4-871D-1B58C6B87F08}.Debug|Any CPU.ActiveCfg = Debug|Any CPU
		{630E2EFE-8BB7-43B4-871D-1B58C6B87F08}.Debug|Any CPU.Build.0 = Debug|Any CPU
		{630E2EFE-8BB7-43B4-871D-1B58C6B87F08}.Release|ARM64.ActiveCfg = Release|Any CPU
		{630E2EFE-8BB7-43B4-871D-1B58C6B87F08}.Release|ARM64.Build.0 = Release|Any CPU
		{630E2EFE-8BB7-43B4-871D-1B58C6B87F08}.Release|x64.ActiveCfg = Release|Any CPU
		{630E2EFE-8BB7-43B4-871D-1B58C6B87F08}.Release|x64.Build.0 = Release|Any CPU
		{630E2EFE-8BB7-43B4-871D-1B58C6B87F08}.Release|x86.ActiveCfg = Release|Any CPU
		{630E2EFE-8BB7-43B4-871D-1B58C6B87F08}.Release|x86.Build.0 = Release|Any CPU
		{630E2EFE-8BB7-43B4-871D-1B58C6B87F08}.Release|Any CPU.ActiveCfg = Release|Any CPU
		{630E2EFE-8BB7-43B4-871D-1B58C6B87F08}.Release|Any CPU.Build.0 = Release|Any CPU
		{93A0C437-818A-4C03-AA94-B5022A7B91F4}.Debug|ARM64.ActiveCfg = Debug|Any CPU
		{93A0C437-818A-4C03-AA94-B5022A7B91F4}.Debug|ARM64.Build.0 = Debug|Any CPU
		{93A0C437-818A-4C03-AA94-B5022A7B91F4}.Debug|x64.ActiveCfg = Debug|Any CPU
		{93A0C437-818A-4C03-AA94-B5022A7B91F4}.Debug|x64.Build.0 = Debug|Any CPU
		{93A0C437-818A-4C03-AA94-B5022A7B91F4}.Debug|x86.ActiveCfg = Debug|Any CPU
		{93A0C437-818A-4C03-AA94-B5022A7B91F4}.Debug|x86.Build.0 = Debug|Any CPU
		{93A0C437-818A-4C03-AA94-B5022A7B91F4}.Debug|Any CPU.ActiveCfg = Debug|Any CPU
		{93A0C437-818A-4C03-AA94-B5022A7B91F4}.Debug|Any CPU.Build.0 = Debug|Any CPU
		{93A0C437-818A-4C03-AA94-B5022A7B91F4}.Release|ARM64.ActiveCfg = Release|Any CPU
		{93A0C437-818A-4C03-AA94-B5022A7B91F4}.Release|ARM64.Build.0 = Release|Any CPU
		{93A0C437-818A-4C03-AA94-B5022A7B91F4}.Release|x64.ActiveCfg = Release|Any CPU
		{93A0C437-818A-4C03-AA94-B5022A7B91F4}.Release|x64.Build.0 = Release|Any CPU
		{93A0C437-818A-4C03-AA94-B5022A7B91F4}.Release|x86.ActiveCfg = Release|Any CPU
		{93A0C437-818A-4C03-AA94-B5022A7B91F4}.Release|x86.Build.0 = Release|Any CPU
		{93A0C437-818A-4C03-AA94-B5022A7B91F4}.Release|Any CPU.ActiveCfg = Release|Any CPU
		{93A0C437-818A-4C03-AA94-B5022A7B91F4}.Release|Any CPU.Build.0 = Release|Any CPU
	EndGlobalSection
	GlobalSection(SolutionProperties) = preSolution
		HideSolutionNode = FALSE
	EndGlobalSection
	GlobalSection(NestedProjects) = preSolution
		{8FD27C47-C9BE-44EB-948D-C605FCDAFA56} = {13AB4870-8038-086C-0CD0-D24D535182C0}
		{009B8320-1FF2-418C-B84D-0FC41248EB54} = {13AB4870-8038-086C-0CD0-D24D535182C0}
		{81B8CDA5-7523-420C-8D8B-D8BAFBDD8A6A} = {13AB4870-8038-086C-0CD0-D24D535182C0}
		{91FCF2B7-4815-40B9-BACE-903C78AB6FCB} = {13AB4870-8038-086C-0CD0-D24D535182C0}
		{8382A296-ED2D-4153-B735-95B798B84531} = {13AB4870-8038-086C-0CD0-D24D535182C0}
		{69694FCE-BF7B-4F73-927E-5703E22DC565} = {13AB4870-8038-086C-0CD0-D24D535182C0}
		{7BD136C0-3D57-41AF-B55C-7ED1EA062E7A} = {13AB4870-8038-086C-0CD0-D24D535182C0}
		{630E2EFE-8BB7-43B4-871D-1B58C6B87F08} = {13AB4870-8038-086C-0CD0-D24D535182C0}
		{93A0C437-818A-4C03-AA94-B5022A7B91F4} = {13AB4870-8038-086C-0CD0-D24D535182C0}
	EndGlobalSection
	GlobalSection(ExtensibilityGlobals) = postSolution
		SolutionGuid = {F8955A9B-A527-4C59-B872-E7230D925896}
	EndGlobalSection
EndGlobal
